lockfileVersion: '9.0'

settings:
  autoInstallPeers: true
  excludeLinksFromLockfile: false

importers:

  .:
    dependencies:
      qr-code-styling:
        specifier: ^1.9.2
        version: 1.9.2
    devDependencies:
      typescript:
        specifier: ^5.8.3
        version: 5.8.3

packages:

  qr-code-styling@1.9.2:
    resolution: {integrity: sha512-RgJaZJ1/RrXJ6N0j7a+pdw3zMBmzZU4VN2dtAZf8ZggCfRB5stEQ3IoDNGaNhYY3nnZKYlYSLl5YkfWN5dPutg==}
    engines: {node: '>=18.18.0'}

  qrcode-generator@1.4.4:
    resolution: {integrity: sha512-HM7yY8O2ilqhmULxGMpcHSF1EhJJ9yBj8gvDEuZ6M+KGJ0YY2hKpnXvRD+hZPLrDVck3ExIGhmPtSdcjC+guuw==}

  typescript@5.8.3:
    resolution: {integrity: sha512-p1diW6TqL9L07nNxvRMM7hMMw4c5XOo/1ibL4aAIGmSAt9slTE1Xgw5KWuof2uTOvCg9BY7ZRi+GaF+7sfgPeQ==}
    engines: {node: '>=14.17'}
    hasBin: true

snapshots:

  qr-code-styling@1.9.2:
    dependencies:
      qrcode-generator: 1.4.4

  qrcode-generator@1.4.4: {}

  typescript@5.8.3: {}
