lockfileVersion: '9.0'

settings:
  autoInstallPeers: true
  excludeLinksFromLockfile: false

importers:

  .:
    dependencies:
      '@napi-rs/canvas':
        specifier: ^0.1.70
        version: 0.1.70
      qr-code-styling:
        specifier: ^1.9.2
        version: 1.9.2
    devDependencies:
      typescript:
        specifier: ^5.8.3
        version: 5.8.3

packages:

  '@napi-rs/canvas-android-arm64@0.1.70':
    resolution: {integrity: sha512-I/YOuQ0wbkVYxVaYtCgN42WKTYxNqFA0gTcTrHIGG1jfpDSyZWII/uHcjOo4nzd19io6Y4+/BqP8E5hJgf9OmQ==}
    engines: {node: '>= 10'}
    cpu: [arm64]
    os: [android]

  '@napi-rs/canvas-darwin-arm64@0.1.70':
    resolution: {integrity: sha512-4pPGyXetHIHkw2TOJHujt3mkCP8LdDu8+CT15ld9Id39c752RcI0amDHSuMLMQfAjvusA9B5kKxazwjMGjEJpQ==}
    engines: {node: '>= 10'}
    cpu: [arm64]
    os: [darwin]

  '@napi-rs/canvas-darwin-x64@0.1.70':
    resolution: {integrity: sha512-+2N6Os9LbkmDMHL+raknrUcLQhsXzc5CSXRbXws9C3pv/mjHRVszQ9dhFUUe9FjfPhCJznO6USVdwOtu7pOrzQ==}
    engines: {node: '>= 10'}
    cpu: [x64]
    os: [darwin]

  '@napi-rs/canvas-linux-arm-gnueabihf@0.1.70':
    resolution: {integrity: sha512-QjscX9OaKq/990sVhSMj581xuqLgiaPVMjjYvWaCmAJRkNQ004QfoSMEm3FoTqM4DRoquP8jvuEXScVJsc1rqQ==}
    engines: {node: '>= 10'}
    cpu: [arm]
    os: [linux]

  '@napi-rs/canvas-linux-arm64-gnu@0.1.70':
    resolution: {integrity: sha512-LNakMOwwqwiHIwMpnMAbFRczQMQ7TkkMyATqFCOtUJNlE6LPP/QiUj/mlFrNbUn/hctqShJ60gWEb52ZTALbVw==}
    engines: {node: '>= 10'}
    cpu: [arm64]
    os: [linux]

  '@napi-rs/canvas-linux-arm64-musl@0.1.70':
    resolution: {integrity: sha512-wBTOllEYNfJCHOdZj9v8gLzZ4oY3oyPX8MSRvaxPm/s7RfEXxCyZ8OhJ5xAyicsDdbE5YBZqdmaaeP5+xKxvtg==}
    engines: {node: '>= 10'}
    cpu: [arm64]
    os: [linux]

  '@napi-rs/canvas-linux-riscv64-gnu@0.1.70':
    resolution: {integrity: sha512-GVUUPC8TuuFqHip0rxHkUqArQnlzmlXmTEBuXAWdgCv85zTCFH8nOHk/YCF5yo0Z2eOm8nOi90aWs0leJ4OE5Q==}
    engines: {node: '>= 10'}
    cpu: [riscv64]
    os: [linux]

  '@napi-rs/canvas-linux-x64-gnu@0.1.70':
    resolution: {integrity: sha512-/kvUa2lZRwGNyfznSn5t1ShWJnr/m5acSlhTV3eXECafObjl0VBuA1HJw0QrilLpb4Fe0VLywkpD1NsMoVDROQ==}
    engines: {node: '>= 10'}
    cpu: [x64]
    os: [linux]

  '@napi-rs/canvas-linux-x64-musl@0.1.70':
    resolution: {integrity: sha512-aqlv8MLpycoMKRmds7JWCfVwNf1fiZxaU7JwJs9/ExjTD8lX2KjsO7CTeAj5Cl4aEuzxUWbJPUUE2Qu9cZ1vfg==}
    engines: {node: '>= 10'}
    cpu: [x64]
    os: [linux]

  '@napi-rs/canvas-win32-x64-msvc@0.1.70':
    resolution: {integrity: sha512-Q9QU3WIpwBTVHk4cPfBjGHGU4U0llQYRXgJtFtYqqGNEOKVN4OT6PQ+ve63xwIPODMpZ0HHyj/KLGc9CWc3EtQ==}
    engines: {node: '>= 10'}
    cpu: [x64]
    os: [win32]

  '@napi-rs/canvas@0.1.70':
    resolution: {integrity: sha512-nD6NGa4JbNYSZYsTnLGrqe9Kn/lCkA4ybXt8sx5ojDqZjr2i0TWAHxx/vhgfjX+i3hCdKWufxYwi7CfXqtITSA==}
    engines: {node: '>= 10'}

  qr-code-styling@1.9.2:
    resolution: {integrity: sha512-RgJaZJ1/RrXJ6N0j7a+pdw3zMBmzZU4VN2dtAZf8ZggCfRB5stEQ3IoDNGaNhYY3nnZKYlYSLl5YkfWN5dPutg==}
    engines: {node: '>=18.18.0'}

  qrcode-generator@1.4.4:
    resolution: {integrity: sha512-HM7yY8O2ilqhmULxGMpcHSF1EhJJ9yBj8gvDEuZ6M+KGJ0YY2hKpnXvRD+hZPLrDVck3ExIGhmPtSdcjC+guuw==}

  typescript@5.8.3:
    resolution: {integrity: sha512-p1diW6TqL9L07nNxvRMM7hMMw4c5XOo/1ibL4aAIGmSAt9slTE1Xgw5KWuof2uTOvCg9BY7ZRi+GaF+7sfgPeQ==}
    engines: {node: '>=14.17'}
    hasBin: true

snapshots:

  '@napi-rs/canvas-android-arm64@0.1.70':
    optional: true

  '@napi-rs/canvas-darwin-arm64@0.1.70':
    optional: true

  '@napi-rs/canvas-darwin-x64@0.1.70':
    optional: true

  '@napi-rs/canvas-linux-arm-gnueabihf@0.1.70':
    optional: true

  '@napi-rs/canvas-linux-arm64-gnu@0.1.70':
    optional: true

  '@napi-rs/canvas-linux-arm64-musl@0.1.70':
    optional: true

  '@napi-rs/canvas-linux-riscv64-gnu@0.1.70':
    optional: true

  '@napi-rs/canvas-linux-x64-gnu@0.1.70':
    optional: true

  '@napi-rs/canvas-linux-x64-musl@0.1.70':
    optional: true

  '@napi-rs/canvas-win32-x64-msvc@0.1.70':
    optional: true

  '@napi-rs/canvas@0.1.70':
    optionalDependencies:
      '@napi-rs/canvas-android-arm64': 0.1.70
      '@napi-rs/canvas-darwin-arm64': 0.1.70
      '@napi-rs/canvas-darwin-x64': 0.1.70
      '@napi-rs/canvas-linux-arm-gnueabihf': 0.1.70
      '@napi-rs/canvas-linux-arm64-gnu': 0.1.70
      '@napi-rs/canvas-linux-arm64-musl': 0.1.70
      '@napi-rs/canvas-linux-riscv64-gnu': 0.1.70
      '@napi-rs/canvas-linux-x64-gnu': 0.1.70
      '@napi-rs/canvas-linux-x64-musl': 0.1.70
      '@napi-rs/canvas-win32-x64-msvc': 0.1.70

  qr-code-styling@1.9.2:
    dependencies:
      qrcode-generator: 1.4.4

  qrcode-generator@1.4.4: {}

  typescript@5.8.3: {}
